
Microsoft Visual Studio Solution File, Format Version 12.00
# Visual Studio Version 16
VisualStudioVersion = 16.0.31205.134
MinimumVisualStudioVersion = 10.0.40219.1
Project("{FAE04EC0-301F-11D3-BF4B-00C04F79EFBC}") = "LaikinTattoo", "LaikinTattoo.csproj", "{EF97DC61-EFA7-4123-A41C-1E8894EBB348}"
EndProject
Global
	GlobalSection(SolutionConfigurationPlatforms) = preSolution
		Debug|Any CPU = Debug|Any CPU
		Release|Any CPU = Release|Any CPU
	EndGlobalSection
	GlobalSection(ProjectConfigurationPlatforms) = postSolution
		{EF97DC61-EFA7-4123-A41C-1E8894EBB348}.Debug|Any CPU.ActiveCfg = Debug|Any CPU
		{EF97DC61-EFA7-4123-A41C-1E8894EBB348}.Debug|Any CPU.Build.0 = Debug|Any CPU
		{EF97DC61-EFA7-4123-A41C-1E8894EBB348}.Release|Any CPU.ActiveCfg = Release|Any CPU
		{EF97DC61-EFA7-4123-A41C-1E8894EBB348}.Release|Any CPU.Build.0 = Release|Any CPU
	EndGlobalSection
	GlobalSection(SolutionProperties) = preSolution
		HideSolutionNode = FALSE
	EndGlobalSection
	GlobalSection(ExtensibilityGlobals) = postSolution
		SolutionGuid = {9E84CF9A-6AFD-4C3D-93DB-5122C2EE7999}
	EndGlobalSection
EndGlobal
